
Microsoft Visual Studio Solution File, Format Version 12.00
# Visual Studio 15
VisualStudioVersion = 15.0.26730.3
MinimumVisualStudioVersion = 10.0.40219.1
Project("{FAE04EC0-301F-11D3-BF4B-00C04F79EFBC}") = "XamarinFormsLiveSync.Android", "XamarinFormsLiveSync\XamarinFormsLiveSync.Android\XamarinFormsLiveSync.Android.csproj", "{34134F07-EE91-49DE-B748-CFB940C3886D}"
EndProject
Project("{FAE04EC0-301F-11D3-BF4B-00C04F79EFBC}") = "XamarinFormsLiveSync", "XamarinFormsLiveSync\XamarinFormsLiveSync\XamarinFormsLiveSync.csproj", "{552B7789-073D-4F07-A162-5D744CB8A745}"
EndProject
Project("{2150E333-8FDC-42A3-9474-1A3956D46DE8}") = "App", "App", "{E3A0F09D-9CDB-42BB-91A8-4CE0434B68AF}"
EndProject
Project("{2150E333-8FDC-42A3-9474-1A3956D46DE8}") = "Server", "Server", "{C5FA91ED-E5E3-43CE-93D8-92901D890B41}"
EndProject
Project("{9A19103F-16F7-4668-BE54-9A1E7A4F7556}") = "Xam.Plugin.LiveSync.Server", "Xam.Plugin.LiveSync.Server\Xam.Plugin.LiveSync.Server.csproj", "{158469BD-6D60-455A-8728-3D585AC68AD6}"
EndProject
Project("{9A19103F-16F7-4668-BE54-9A1E7A4F7556}") = "Xam.Plugin.LiveSync.Initializer", "Xam.Plugin.LiveSync.Initializer\Xam.Plugin.LiveSync.Initializer.csproj", "{F86FD2A8-B296-470B-907A-63EE97AFB96C}"
EndProject
Project("{2150E333-8FDC-42A3-9474-1A3956D46DE8}") = "Lib", "Lib", "{C728A7DA-DEE0-41A7-A584-97FF9D08D0BA}"
EndProject
Project("{FAE04EC0-301F-11D3-BF4B-00C04F79EFBC}") = "Xam.Plugin.LiveSync.Core", "Xam.Plugin.LiveSync.Core\Xam.Plugin.LiveSync.Core.csproj", "{26D24673-FE17-4582-B749-6F6EE3171C9A}"
EndProject
Project("{FAE04EC0-301F-11D3-BF4B-00C04F79EFBC}") = "Xam.Plugin.LiveSync.Droid", "Xam.Plugin.LiveSync.Droid\Xam.Plugin.LiveSync.Droid.csproj", "{7B2A7BF4-F66C-43E1-AFD0-732B1834C67E}"
EndProject
Project("{FAE04EC0-301F-11D3-BF4B-00C04F79EFBC}") = "XamarinFormsLiveSync.iOS", "XamarinFormsLiveSync\XamarinFormsLiveSync.iOS\XamarinFormsLiveSync.iOS.csproj", "{EB6C70B8-160E-4EE2-AD3D-307B9BC0B872}"
EndProject
Project("{FAE04EC0-301F-11D3-BF4B-00C04F79EFBC}") = "Xam.Plugin.LiveSync.iOS", "Xam.Plugin.LiveSync.iOS\Xam.Plugin.LiveSync.iOS.csproj", "{3EA328BA-1B2D-4B6D-94A7-6B6FB1A59238}"
EndProject
Project("{2150E333-8FDC-42A3-9474-1A3956D46DE8}") = "Docs", "Docs", "{F0C5A185-F0F3-4565-A491-97B66DE5B5F2}"
	ProjectSection(SolutionItems) = preProject
		DevHelper.txt = DevHelper.txt
	EndProjectSection
EndProject
Global
	GlobalSection(SolutionConfigurationPlatforms) = preSolution
		Ad-Hoc|Any CPU = Ad-Hoc|Any CPU
		Ad-Hoc|iPhone = Ad-Hoc|iPhone
		Ad-Hoc|iPhoneSimulator = Ad-Hoc|iPhoneSimulator
		AppStore|Any CPU = AppStore|Any CPU
		AppStore|iPhone = AppStore|iPhone
		AppStore|iPhoneSimulator = AppStore|iPhoneSimulator
		Debug|Any CPU = Debug|Any CPU
		Debug|iPhone = Debug|iPhone
		Debug|iPhoneSimulator = Debug|iPhoneSimulator
		Release|Any CPU = Release|Any CPU
		Release|iPhone = Release|iPhone
		Release|iPhoneSimulator = Release|iPhoneSimulator
	EndGlobalSection
	GlobalSection(ProjectConfigurationPlatforms) = postSolution
		{34134F07-EE91-49DE-B748-CFB940C3886D}.Ad-Hoc|Any CPU.ActiveCfg = Release|Any CPU
		{34134F07-EE91-49DE-B748-CFB940C3886D}.Ad-Hoc|Any CPU.Build.0 = Release|Any CPU
		{34134F07-EE91-49DE-B748-CFB940C3886D}.Ad-Hoc|Any CPU.Deploy.0 = Release|Any CPU
		{34134F07-EE91-49DE-B748-CFB940C3886D}.Ad-Hoc|iPhone.ActiveCfg = Release|Any CPU
		{34134F07-EE91-49DE-B748-CFB940C3886D}.Ad-Hoc|iPhone.Build.0 = Release|Any CPU
		{34134F07-EE91-49DE-B748-CFB940C3886D}.Ad-Hoc|iPhone.Deploy.0 = Release|Any CPU
		{34134F07-EE91-49DE-B748-CFB940C3886D}.Ad-Hoc|iPhoneSimulator.ActiveCfg = Release|Any CPU
		{34134F07-EE91-49DE-B748-CFB940C3886D}.Ad-Hoc|iPhoneSimulator.Build.0 = Release|Any CPU
		{34134F07-EE91-49DE-B748-CFB940C3886D}.Ad-Hoc|iPhoneSimulator.Deploy.0 = Release|Any CPU
		{34134F07-EE91-49DE-B748-CFB940C3886D}.AppStore|Any CPU.ActiveCfg = Release|Any CPU
		{34134F07-EE91-49DE-B748-CFB940C3886D}.AppStore|Any CPU.Build.0 = Release|Any CPU
		{34134F07-EE91-49DE-B748-CFB940C3886D}.AppStore|Any CPU.Deploy.0 = Release|Any CPU
		{34134F07-EE91-49DE-B748-CFB940C3886D}.AppStore|iPhone.ActiveCfg = Release|Any CPU
		{34134F07-EE91-49DE-B748-CFB940C3886D}.AppStore|iPhone.Build.0 = Release|Any CPU
		{34134F07-EE91-49DE-B748-CFB940C3886D}.AppStore|iPhone.Deploy.0 = Release|Any CPU
		{34134F07-EE91-49DE-B748-CFB940C3886D}.AppStore|iPhoneSimulator.ActiveCfg = Release|Any CPU
		{34134F07-EE91-49DE-B748-CFB940C3886D}.AppStore|iPhoneSimulator.Build.0 = Release|Any CPU
		{34134F07-EE91-49DE-B748-CFB940C3886D}.AppStore|iPhoneSimulator.Deploy.0 = Release|Any CPU
		{34134F07-EE91-49DE-B748-CFB940C3886D}.Debug|Any CPU.ActiveCfg = Debug|Any CPU
		{34134F07-EE91-49DE-B748-CFB940C3886D}.Debug|Any CPU.Build.0 = Debug|Any CPU
		{34134F07-EE91-49DE-B748-CFB940C3886D}.Debug|Any CPU.Deploy.0 = Debug|Any CPU
		{34134F07-EE91-49DE-B748-CFB940C3886D}.Debug|iPhone.ActiveCfg = Debug|Any CPU
		{34134F07-EE91-49DE-B748-CFB940C3886D}.Debug|iPhone.Build.0 = Debug|Any CPU
		{34134F07-EE91-49DE-B748-CFB940C3886D}.Debug|iPhone.Deploy.0 = Debug|Any CPU
		{34134F07-EE91-49DE-B748-CFB940C3886D}.Debug|iPhoneSimulator.ActiveCfg = Debug|Any CPU
		{34134F07-EE91-49DE-B748-CFB940C3886D}.Debug|iPhoneSimulator.Build.0 = Debug|Any CPU
		{34134F07-EE91-49DE-B748-CFB940C3886D}.Debug|iPhoneSimulator.Deploy.0 = Debug|Any CPU
		{34134F07-EE91-49DE-B748-CFB940C3886D}.Release|Any CPU.ActiveCfg = Release|Any CPU
		{34134F07-EE91-49DE-B748-CFB940C3886D}.Release|Any CPU.Build.0 = Release|Any CPU
		{34134F07-EE91-49DE-B748-CFB940C3886D}.Release|Any CPU.Deploy.0 = Release|Any CPU
		{34134F07-EE91-49DE-B748-CFB940C3886D}.Release|iPhone.ActiveCfg = Release|Any CPU
		{34134F07-EE91-49DE-B748-CFB940C3886D}.Release|iPhone.Build.0 = Release|Any CPU
		{34134F07-EE91-49DE-B748-CFB940C3886D}.Release|iPhone.Deploy.0 = Release|Any CPU
		{34134F07-EE91-49DE-B748-CFB940C3886D}.Release|iPhoneSimulator.ActiveCfg = Release|Any CPU
		{34134F07-EE91-49DE-B748-CFB940C3886D}.Release|iPhoneSimulator.Build.0 = Release|Any CPU
		{34134F07-EE91-49DE-B748-CFB940C3886D}.Release|iPhoneSimulator.Deploy.0 = Release|Any CPU
		{552B7789-073D-4F07-A162-5D744CB8A745}.Ad-Hoc|Any CPU.ActiveCfg = Release|Any CPU
		{552B7789-073D-4F07-A162-5D744CB8A745}.Ad-Hoc|Any CPU.Build.0 = Release|Any CPU
		{552B7789-073D-4F07-A162-5D744CB8A745}.Ad-Hoc|iPhone.ActiveCfg = Release|Any CPU
		{552B7789-073D-4F07-A162-5D744CB8A745}.Ad-Hoc|iPhone.Build.0 = Release|Any CPU
		{552B7789-073D-4F07-A162-5D744CB8A745}.Ad-Hoc|iPhoneSimulator.ActiveCfg = Release|Any CPU
		{552B7789-073D-4F07-A162-5D744CB8A745}.Ad-Hoc|iPhoneSimulator.Build.0 = Release|Any CPU
		{552B7789-073D-4F07-A162-5D744CB8A745}.AppStore|Any CPU.ActiveCfg = Release|Any CPU
		{552B7789-073D-4F07-A162-5D744CB8A745}.AppStore|Any CPU.Build.0 = Release|Any CPU
		{552B7789-073D-4F07-A162-5D744CB8A745}.AppStore|iPhone.ActiveCfg = Release|Any CPU
		{552B7789-073D-4F07-A162-5D744CB8A745}.AppStore|iPhone.Build.0 = Release|Any CPU
		{552B7789-073D-4F07-A162-5D744CB8A745}.AppStore|iPhoneSimulator.ActiveCfg = Release|Any CPU
		{552B7789-073D-4F07-A162-5D744CB8A745}.AppStore|iPhoneSimulator.Build.0 = Release|Any CPU
		{552B7789-073D-4F07-A162-5D744CB8A745}.Debug|Any CPU.ActiveCfg = Debug|Any CPU
		{552B7789-073D-4F07-A162-5D744CB8A745}.Debug|Any CPU.Build.0 = Debug|Any CPU
		{552B7789-073D-4F07-A162-5D744CB8A745}.Debug|iPhone.ActiveCfg = Debug|Any CPU
		{552B7789-073D-4F07-A162-5D744CB8A745}.Debug|iPhone.Build.0 = Debug|Any CPU
		{552B7789-073D-4F07-A162-5D744CB8A745}.Debug|iPhoneSimulator.ActiveCfg = Debug|Any CPU
		{552B7789-073D-4F07-A162-5D744CB8A745}.Debug|iPhoneSimulator.Build.0 = Debug|Any CPU
		{552B7789-073D-4F07-A162-5D744CB8A745}.Release|Any CPU.ActiveCfg = Release|Any CPU
		{552B7789-073D-4F07-A162-5D744CB8A745}.Release|Any CPU.Build.0 = Release|Any CPU
		{552B7789-073D-4F07-A162-5D744CB8A745}.Release|iPhone.ActiveCfg = Release|Any CPU
		{552B7789-073D-4F07-A162-5D744CB8A745}.Release|iPhone.Build.0 = Release|Any CPU
		{552B7789-073D-4F07-A162-5D744CB8A745}.Release|iPhoneSimulator.ActiveCfg = Release|Any CPU
		{552B7789-073D-4F07-A162-5D744CB8A745}.Release|iPhoneSimulator.Build.0 = Release|Any CPU
		{158469BD-6D60-455A-8728-3D585AC68AD6}.Ad-Hoc|Any CPU.ActiveCfg = Debug|Any CPU
		{158469BD-6D60-455A-8728-3D585AC68AD6}.Ad-Hoc|Any CPU.Build.0 = Debug|Any CPU
		{158469BD-6D60-455A-8728-3D585AC68AD6}.Ad-Hoc|iPhone.ActiveCfg = Debug|Any CPU
		{158469BD-6D60-455A-8728-3D585AC68AD6}.Ad-Hoc|iPhone.Build.0 = Debug|Any CPU
		{158469BD-6D60-455A-8728-3D585AC68AD6}.Ad-Hoc|iPhoneSimulator.ActiveCfg = Debug|Any CPU
		{158469BD-6D60-455A-8728-3D585AC68AD6}.Ad-Hoc|iPhoneSimulator.Build.0 = Debug|Any CPU
		{158469BD-6D60-455A-8728-3D585AC68AD6}.AppStore|Any CPU.ActiveCfg = Debug|Any CPU
		{158469BD-6D60-455A-8728-3D585AC68AD6}.AppStore|Any CPU.Build.0 = Debug|Any CPU
		{158469BD-6D60-455A-8728-3D585AC68AD6}.AppStore|iPhone.ActiveCfg = Debug|Any CPU
		{158469BD-6D60-455A-8728-3D585AC68AD6}.AppStore|iPhone.Build.0 = Debug|Any CPU
		{158469BD-6D60-455A-8728-3D585AC68AD6}.AppStore|iPhoneSimulator.ActiveCfg = Debug|Any CPU
		{158469BD-6D60-455A-8728-3D585AC68AD6}.AppStore|iPhoneSimulator.Build.0 = Debug|Any CPU
		{158469BD-6D60-455A-8728-3D585AC68AD6}.Debug|Any CPU.ActiveCfg = Debug|Any CPU
		{158469BD-6D60-455A-8728-3D585AC68AD6}.Debug|Any CPU.Build.0 = Debug|Any CPU
		{158469BD-6D60-455A-8728-3D585AC68AD6}.Debug|iPhone.ActiveCfg = Debug|Any CPU
		{158469BD-6D60-455A-8728-3D585AC68AD6}.Debug|iPhone.Build.0 = Debug|Any CPU
		{158469BD-6D60-455A-8728-3D585AC68AD6}.Debug|iPhoneSimulator.ActiveCfg = Debug|Any CPU
		{158469BD-6D60-455A-8728-3D585AC68AD6}.Debug|iPhoneSimulator.Build.0 = Debug|Any CPU
		{158469BD-6D60-455A-8728-3D585AC68AD6}.Release|Any CPU.ActiveCfg = Release|Any CPU
		{158469BD-6D60-455A-8728-3D585AC68AD6}.Release|Any CPU.Build.0 = Release|Any CPU
		{158469BD-6D60-455A-8728-3D585AC68AD6}.Release|iPhone.ActiveCfg = Release|Any CPU
		{158469BD-6D60-455A-8728-3D585AC68AD6}.Release|iPhone.Build.0 = Release|Any CPU
		{158469BD-6D60-455A-8728-3D585AC68AD6}.Release|iPhoneSimulator.ActiveCfg = Release|Any CPU
		{158469BD-6D60-455A-8728-3D585AC68AD6}.Release|iPhoneSimulator.Build.0 = Release|Any CPU
		{F86FD2A8-B296-470B-907A-63EE97AFB96C}.Ad-Hoc|Any CPU.ActiveCfg = Debug|Any CPU
		{F86FD2A8-B296-470B-907A-63EE97AFB96C}.Ad-Hoc|Any CPU.Build.0 = Debug|Any CPU
		{F86FD2A8-B296-470B-907A-63EE97AFB96C}.Ad-Hoc|iPhone.ActiveCfg = Debug|Any CPU
		{F86FD2A8-B296-470B-907A-63EE97AFB96C}.Ad-Hoc|iPhone.Build.0 = Debug|Any CPU
		{F86FD2A8-B296-470B-907A-63EE97AFB96C}.Ad-Hoc|iPhoneSimulator.ActiveCfg = Debug|Any CPU
		{F86FD2A8-B296-470B-907A-63EE97AFB96C}.Ad-Hoc|iPhoneSimulator.Build.0 = Debug|Any CPU
		{F86FD2A8-B296-470B-907A-63EE97AFB96C}.AppStore|Any CPU.ActiveCfg = Debug|Any CPU
		{F86FD2A8-B296-470B-907A-63EE97AFB96C}.AppStore|Any CPU.Build.0 = Debug|Any CPU
		{F86FD2A8-B296-470B-907A-63EE97AFB96C}.AppStore|iPhone.ActiveCfg = Debug|Any CPU
		{F86FD2A8-B296-470B-907A-63EE97AFB96C}.AppStore|iPhone.Build.0 = Debug|Any CPU
		{F86FD2A8-B296-470B-907A-63EE97AFB96C}.AppStore|iPhoneSimulator.ActiveCfg = Debug|Any CPU
		{F86FD2A8-B296-470B-907A-63EE97AFB96C}.AppStore|iPhoneSimulator.Build.0 = Debug|Any CPU
		{F86FD2A8-B296-470B-907A-63EE97AFB96C}.Debug|Any CPU.ActiveCfg = Debug|Any CPU
		{F86FD2A8-B296-470B-907A-63EE97AFB96C}.Debug|Any CPU.Build.0 = Debug|Any CPU
		{F86FD2A8-B296-470B-907A-63EE97AFB96C}.Debug|iPhone.ActiveCfg = Debug|Any CPU
		{F86FD2A8-B296-470B-907A-63EE97AFB96C}.Debug|iPhone.Build.0 = Debug|Any CPU
		{F86FD2A8-B296-470B-907A-63EE97AFB96C}.Debug|iPhoneSimulator.ActiveCfg = Debug|Any CPU
		{F86FD2A8-B296-470B-907A-63EE97AFB96C}.Debug|iPhoneSimulator.Build.0 = Debug|Any CPU
		{F86FD2A8-B296-470B-907A-63EE97AFB96C}.Release|Any CPU.ActiveCfg = Release|Any CPU
		{F86FD2A8-B296-470B-907A-63EE97AFB96C}.Release|Any CPU.Build.0 = Release|Any CPU
		{F86FD2A8-B296-470B-907A-63EE97AFB96C}.Release|iPhone.ActiveCfg = Release|Any CPU
		{F86FD2A8-B296-470B-907A-63EE97AFB96C}.Release|iPhone.Build.0 = Release|Any CPU
		{F86FD2A8-B296-470B-907A-63EE97AFB96C}.Release|iPhoneSimulator.ActiveCfg = Release|Any CPU
		{F86FD2A8-B296-470B-907A-63EE97AFB96C}.Release|iPhoneSimulator.Build.0 = Release|Any CPU
		{26D24673-FE17-4582-B749-6F6EE3171C9A}.Ad-Hoc|Any CPU.ActiveCfg = Release|Any CPU
		{26D24673-FE17-4582-B749-6F6EE3171C9A}.Ad-Hoc|Any CPU.Build.0 = Release|Any CPU
		{26D24673-FE17-4582-B749-6F6EE3171C9A}.Ad-Hoc|iPhone.ActiveCfg = Release|Any CPU
		{26D24673-FE17-4582-B749-6F6EE3171C9A}.Ad-Hoc|iPhone.Build.0 = Release|Any CPU
		{26D24673-FE17-4582-B749-6F6EE3171C9A}.Ad-Hoc|iPhoneSimulator.ActiveCfg = Release|Any CPU
		{26D24673-FE17-4582-B749-6F6EE3171C9A}.Ad-Hoc|iPhoneSimulator.Build.0 = Release|Any CPU
		{26D24673-FE17-4582-B749-6F6EE3171C9A}.AppStore|Any CPU.ActiveCfg = Release|Any CPU
		{26D24673-FE17-4582-B749-6F6EE3171C9A}.AppStore|Any CPU.Build.0 = Release|Any CPU
		{26D24673-FE17-4582-B749-6F6EE3171C9A}.AppStore|iPhone.ActiveCfg = Release|Any CPU
		{26D24673-FE17-4582-B749-6F6EE3171C9A}.AppStore|iPhone.Build.0 = Release|Any CPU
		{26D24673-FE17-4582-B749-6F6EE3171C9A}.AppStore|iPhoneSimulator.ActiveCfg = Release|Any CPU
		{26D24673-FE17-4582-B749-6F6EE3171C9A}.AppStore|iPhoneSimulator.Build.0 = Release|Any CPU
		{26D24673-FE17-4582-B749-6F6EE3171C9A}.Debug|Any CPU.ActiveCfg = Debug|Any CPU
		{26D24673-FE17-4582-B749-6F6EE3171C9A}.Debug|Any CPU.Build.0 = Debug|Any CPU
		{26D24673-FE17-4582-B749-6F6EE3171C9A}.Debug|iPhone.ActiveCfg = Debug|Any CPU
		{26D24673-FE17-4582-B749-6F6EE3171C9A}.Debug|iPhone.Build.0 = Debug|Any CPU
		{26D24673-FE17-4582-B749-6F6EE3171C9A}.Debug|iPhoneSimulator.ActiveCfg = Debug|Any CPU
		{26D24673-FE17-4582-B749-6F6EE3171C9A}.Debug|iPhoneSimulator.Build.0 = Debug|Any CPU
		{26D24673-FE17-4582-B749-6F6EE3171C9A}.Release|Any CPU.ActiveCfg = Release|Any CPU
		{26D24673-FE17-4582-B749-6F6EE3171C9A}.Release|Any CPU.Build.0 = Release|Any CPU
		{26D24673-FE17-4582-B749-6F6EE3171C9A}.Release|iPhone.ActiveCfg = Release|Any CPU
		{26D24673-FE17-4582-B749-6F6EE3171C9A}.Release|iPhone.Build.0 = Release|Any CPU
		{26D24673-FE17-4582-B749-6F6EE3171C9A}.Release|iPhoneSimulator.ActiveCfg = Release|Any CPU
		{26D24673-FE17-4582-B749-6F6EE3171C9A}.Release|iPhoneSimulator.Build.0 = Release|Any CPU
		{7B2A7BF4-F66C-43E1-AFD0-732B1834C67E}.Ad-Hoc|Any CPU.ActiveCfg = Release|Any CPU
		{7B2A7BF4-F66C-43E1-AFD0-732B1834C67E}.Ad-Hoc|Any CPU.Build.0 = Release|Any CPU
		{7B2A7BF4-F66C-43E1-AFD0-732B1834C67E}.Ad-Hoc|iPhone.ActiveCfg = Release|Any CPU
		{7B2A7BF4-F66C-43E1-AFD0-732B1834C67E}.Ad-Hoc|iPhone.Build.0 = Release|Any CPU
		{7B2A7BF4-F66C-43E1-AFD0-732B1834C67E}.Ad-Hoc|iPhoneSimulator.ActiveCfg = Release|Any CPU
		{7B2A7BF4-F66C-43E1-AFD0-732B1834C67E}.Ad-Hoc|iPhoneSimulator.Build.0 = Release|Any CPU
		{7B2A7BF4-F66C-43E1-AFD0-732B1834C67E}.AppStore|Any CPU.ActiveCfg = Release|Any CPU
		{7B2A7BF4-F66C-43E1-AFD0-732B1834C67E}.AppStore|Any CPU.Build.0 = Release|Any CPU
		{7B2A7BF4-F66C-43E1-AFD0-732B1834C67E}.AppStore|iPhone.ActiveCfg = Release|Any CPU
		{7B2A7BF4-F66C-43E1-AFD0-732B1834C67E}.AppStore|iPhone.Build.0 = Release|Any CPU
		{7B2A7BF4-F66C-43E1-AFD0-732B1834C67E}.AppStore|iPhoneSimulator.ActiveCfg = Release|Any CPU
		{7B2A7BF4-F66C-43E1-AFD0-732B1834C67E}.AppStore|iPhoneSimulator.Build.0 = Release|Any CPU
		{7B2A7BF4-F66C-43E1-AFD0-732B1834C67E}.Debug|Any CPU.ActiveCfg = Debug|Any CPU
		{7B2A7BF4-F66C-43E1-AFD0-732B1834C67E}.Debug|Any CPU.Build.0 = Debug|Any CPU
		{7B2A7BF4-F66C-43E1-AFD0-732B1834C67E}.Debug|iPhone.ActiveCfg = Debug|Any CPU
		{7B2A7BF4-F66C-43E1-AFD0-732B1834C67E}.Debug|iPhone.Build.0 = Debug|Any CPU
		{7B2A7BF4-F66C-43E1-AFD0-732B1834C67E}.Debug|iPhoneSimulator.ActiveCfg = Debug|Any CPU
		{7B2A7BF4-F66C-43E1-AFD0-732B1834C67E}.Debug|iPhoneSimulator.Build.0 = Debug|Any CPU
		{7B2A7BF4-F66C-43E1-AFD0-732B1834C67E}.Release|Any CPU.ActiveCfg = Release|Any CPU
		{7B2A7BF4-F66C-43E1-AFD0-732B1834C67E}.Release|Any CPU.Build.0 = Release|Any CPU
		{7B2A7BF4-F66C-43E1-AFD0-732B1834C67E}.Release|iPhone.ActiveCfg = Release|Any CPU
		{7B2A7BF4-F66C-43E1-AFD0-732B1834C67E}.Release|iPhone.Build.0 = Release|Any CPU
		{7B2A7BF4-F66C-43E1-AFD0-732B1834C67E}.Release|iPhoneSimulator.ActiveCfg = Release|Any CPU
		{7B2A7BF4-F66C-43E1-AFD0-732B1834C67E}.Release|iPhoneSimulator.Build.0 = Release|Any CPU
		{EB6C70B8-160E-4EE2-AD3D-307B9BC0B872}.Ad-Hoc|Any CPU.ActiveCfg = Ad-Hoc|iPhone
		{EB6C70B8-160E-4EE2-AD3D-307B9BC0B872}.Ad-Hoc|iPhone.ActiveCfg = Ad-Hoc|iPhone
		{EB6C70B8-160E-4EE2-AD3D-307B9BC0B872}.Ad-Hoc|iPhone.Build.0 = Ad-Hoc|iPhone
		{EB6C70B8-160E-4EE2-AD3D-307B9BC0B872}.Ad-Hoc|iPhoneSimulator.ActiveCfg = Ad-Hoc|iPhoneSimulator
		{EB6C70B8-160E-4EE2-AD3D-307B9BC0B872}.Ad-Hoc|iPhoneSimulator.Build.0 = Ad-Hoc|iPhoneSimulator
		{EB6C70B8-160E-4EE2-AD3D-307B9BC0B872}.AppStore|Any CPU.ActiveCfg = AppStore|iPhone
		{EB6C70B8-160E-4EE2-AD3D-307B9BC0B872}.AppStore|iPhone.ActiveCfg = AppStore|iPhone
		{EB6C70B8-160E-4EE2-AD3D-307B9BC0B872}.AppStore|iPhone.Build.0 = AppStore|iPhone
		{EB6C70B8-160E-4EE2-AD3D-307B9BC0B872}.AppStore|iPhoneSimulator.ActiveCfg = AppStore|iPhoneSimulator
		{EB6C70B8-160E-4EE2-AD3D-307B9BC0B872}.AppStore|iPhoneSimulator.Build.0 = AppStore|iPhoneSimulator
		{EB6C70B8-160E-4EE2-AD3D-307B9BC0B872}.Debug|Any CPU.ActiveCfg = Debug|iPhoneSimulator
		{EB6C70B8-160E-4EE2-AD3D-307B9BC0B872}.Debug|iPhone.ActiveCfg = Debug|iPhone
		{EB6C70B8-160E-4EE2-AD3D-307B9BC0B872}.Debug|iPhone.Build.0 = Debug|iPhone
		{EB6C70B8-160E-4EE2-AD3D-307B9BC0B872}.Debug|iPhoneSimulator.ActiveCfg = Debug|iPhoneSimulator
		{EB6C70B8-160E-4EE2-AD3D-307B9BC0B872}.Debug|iPhoneSimulator.Build.0 = Debug|iPhoneSimulator
		{EB6C70B8-160E-4EE2-AD3D-307B9BC0B872}.Release|Any CPU.ActiveCfg = Release|iPhone
		{EB6C70B8-160E-4EE2-AD3D-307B9BC0B872}.Release|iPhone.ActiveCfg = Release|iPhone
		{EB6C70B8-160E-4EE2-AD3D-307B9BC0B872}.Release|iPhone.Build.0 = Release|iPhone
		{EB6C70B8-160E-4EE2-AD3D-307B9BC0B872}.Release|iPhoneSimulator.ActiveCfg = Release|iPhoneSimulator
		{EB6C70B8-160E-4EE2-AD3D-307B9BC0B872}.Release|iPhoneSimulator.Build.0 = Release|iPhoneSimulator
		{3EA328BA-1B2D-4B6D-94A7-6B6FB1A59238}.Ad-Hoc|Any CPU.ActiveCfg = Release|Any CPU
		{3EA328BA-1B2D-4B6D-94A7-6B6FB1A59238}.Ad-Hoc|Any CPU.Build.0 = Release|Any CPU
		{3EA328BA-1B2D-4B6D-94A7-6B6FB1A59238}.Ad-Hoc|iPhone.ActiveCfg = Release|Any CPU
		{3EA328BA-1B2D-4B6D-94A7-6B6FB1A59238}.Ad-Hoc|iPhone.Build.0 = Release|Any CPU
		{3EA328BA-1B2D-4B6D-94A7-6B6FB1A59238}.Ad-Hoc|iPhoneSimulator.ActiveCfg = Release|Any CPU
		{3EA328BA-1B2D-4B6D-94A7-6B6FB1A59238}.Ad-Hoc|iPhoneSimulator.Build.0 = Release|Any CPU
		{3EA328BA-1B2D-4B6D-94A7-6B6FB1A59238}.AppStore|Any CPU.ActiveCfg = Release|Any CPU
		{3EA328BA-1B2D-4B6D-94A7-6B6FB1A59238}.AppStore|Any CPU.Build.0 = Release|Any CPU
		{3EA328BA-1B2D-4B6D-94A7-6B6FB1A59238}.AppStore|iPhone.ActiveCfg = Release|Any CPU
		{3EA328BA-1B2D-4B6D-94A7-6B6FB1A59238}.AppStore|iPhone.Build.0 = Release|Any CPU
		{3EA328BA-1B2D-4B6D-94A7-6B6FB1A59238}.AppStore|iPhoneSimulator.ActiveCfg = Release|Any CPU
		{3EA328BA-1B2D-4B6D-94A7-6B6FB1A59238}.AppStore|iPhoneSimulator.Build.0 = Release|Any CPU
		{3EA328BA-1B2D-4B6D-94A7-6B6FB1A59238}.Debug|Any CPU.ActiveCfg = Debug|Any CPU
		{3EA328BA-1B2D-4B6D-94A7-6B6FB1A59238}.Debug|Any CPU.Build.0 = Debug|Any CPU
		{3EA328BA-1B2D-4B6D-94A7-6B6FB1A59238}.Debug|iPhone.ActiveCfg = Debug|Any CPU
		{3EA328BA-1B2D-4B6D-94A7-6B6FB1A59238}.Debug|iPhone.Build.0 = Debug|Any CPU
		{3EA328BA-1B2D-4B6D-94A7-6B6FB1A59238}.Debug|iPhoneSimulator.ActiveCfg = Debug|Any CPU
		{3EA328BA-1B2D-4B6D-94A7-6B6FB1A59238}.Debug|iPhoneSimulator.Build.0 = Debug|Any CPU
		{3EA328BA-1B2D-4B6D-94A7-6B6FB1A59238}.Release|Any CPU.ActiveCfg = Release|Any CPU
		{3EA328BA-1B2D-4B6D-94A7-6B6FB1A59238}.Release|Any CPU.Build.0 = Release|Any CPU
		{3EA328BA-1B2D-4B6D-94A7-6B6FB1A59238}.Release|iPhone.ActiveCfg = Release|Any CPU
		{3EA328BA-1B2D-4B6D-94A7-6B6FB1A59238}.Release|iPhone.Build.0 = Release|Any CPU
		{3EA328BA-1B2D-4B6D-94A7-6B6FB1A59238}.Release|iPhoneSimulator.ActiveCfg = Release|Any CPU
		{3EA328BA-1B2D-4B6D-94A7-6B6FB1A59238}.Release|iPhoneSimulator.Build.0 = Release|Any CPU
	EndGlobalSection
	GlobalSection(SolutionProperties) = preSolution
		HideSolutionNode = FALSE
	EndGlobalSection
	GlobalSection(NestedProjects) = preSolution
		{34134F07-EE91-49DE-B748-CFB940C3886D} = {E3A0F09D-9CDB-42BB-91A8-4CE0434B68AF}
		{552B7789-073D-4F07-A162-5D744CB8A745} = {E3A0F09D-9CDB-42BB-91A8-4CE0434B68AF}
		{158469BD-6D60-455A-8728-3D585AC68AD6} = {C5FA91ED-E5E3-43CE-93D8-92901D890B41}
		{F86FD2A8-B296-470B-907A-63EE97AFB96C} = {C5FA91ED-E5E3-43CE-93D8-92901D890B41}
		{26D24673-FE17-4582-B749-6F6EE3171C9A} = {C728A7DA-DEE0-41A7-A584-97FF9D08D0BA}
		{7B2A7BF4-F66C-43E1-AFD0-732B1834C67E} = {C728A7DA-DEE0-41A7-A584-97FF9D08D0BA}
		{EB6C70B8-160E-4EE2-AD3D-307B9BC0B872} = {E3A0F09D-9CDB-42BB-91A8-4CE0434B68AF}
		{3EA328BA-1B2D-4B6D-94A7-6B6FB1A59238} = {C728A7DA-DEE0-41A7-A584-97FF9D08D0BA}
	EndGlobalSection
	GlobalSection(ExtensibilityGlobals) = postSolution
		SolutionGuid = {B0560235-6A8C-4812-9F11-F6B634188C7A}
	EndGlobalSection
EndGlobal
